
Microsoft Visual Studio Solution File, Format Version 12.00
# Visual Studio Version 16
VisualStudioVersion = 16.0.30804.86
MinimumVisualStudioVersion = 10.0.40219.1
Project("{9A19103F-16F7-4668-BE54-9A1E7A4F7556}") = "CodeFast.Web", "CodeFast.Web\CodeFast.Web.csproj", "{02CF0BD5-BD2C-44A8-9E9D-FD77188D7FB9}"
EndProject
Project("{9A19103F-16F7-4668-BE54-9A1E7A4F7556}") = "DatabaseFirst.Web", "DatabaseFirst.Web\DatabaseFirst.Web.csproj", "{9C30CA00-D935-400A-B916-E012D4F66B60}"
EndProject
Project("{2150E333-8FDC-42A3-9474-1A3956D46DE8}") = "Notes", "Notes", "{571A456A-D2AD-401D-A331-E3298E6BF6B3}"
	ProjectSection(SolutionItems) = preProject
		AutoCompilation_Nuget_Package_Library.txt = AutoCompilation_Nuget_Package_Library.txt
	EndProjectSection
EndProject
Global
	GlobalSection(SolutionConfigurationPlatforms) = preSolution
		Debug|Any CPU = Debug|Any CPU
		Release|Any CPU = Release|Any CPU
	EndGlobalSection
	GlobalSection(ProjectConfigurationPlatforms) = postSolution
		{02CF0BD5-BD2C-44A8-9E9D-FD77188D7FB9}.Debug|Any CPU.ActiveCfg = Debug|Any CPU
		{02CF0BD5-BD2C-44A8-9E9D-FD77188D7FB9}.Debug|Any CPU.Build.0 = Debug|Any CPU
		{02CF0BD5-BD2C-44A8-9E9D-FD77188D7FB9}.Release|Any CPU.ActiveCfg = Release|Any CPU
		{02CF0BD5-BD2C-44A8-9E9D-FD77188D7FB9}.Release|Any CPU.Build.0 = Release|Any CPU
		{9C30CA00-D935-400A-B916-E012D4F66B60}.Debug|Any CPU.ActiveCfg = Debug|Any CPU
		{9C30CA00-D935-400A-B916-E012D4F66B60}.Debug|Any CPU.Build.0 = Debug|Any CPU
		{9C30CA00-D935-400A-B916-E012D4F66B60}.Release|Any CPU.ActiveCfg = Release|Any CPU
		{9C30CA00-D935-400A-B916-E012D4F66B60}.Release|Any CPU.Build.0 = Release|Any CPU
	EndGlobalSection
	GlobalSection(SolutionProperties) = preSolution
		HideSolutionNode = FALSE
	EndGlobalSection
	GlobalSection(ExtensibilityGlobals) = postSolution
		SolutionGuid = {9B114664-9789-4F48-BC8A-0984943403AE}
	EndGlobalSection
EndGlobal
